lockfileVersion: '9.0'

settings:
  autoInstallPeers: true
  excludeLinksFromLockfile: false

importers:

  .:
    devDependencies:
      trash:
        specifier: ^8.1.1
        version: 8.1.1
      ts-node:
        specifier: ^10.4.0
        version: 10.9.2(@types/node@22.10.2)(typescript@5.7.2)

packages:

  '@cspotcode/source-map-support@0.8.1':
    resolution: {integrity: sha512-IchNf6dN4tHoMFIn/7OE8LWZ19Y6q/67Bmf6vnGREv8RSbBVb9LPJxEcnwrcwX6ixSvaiGoomAUvu4YSxXrVgw==}
    engines: {node: '>=12'}

  '@jridgewell/resolve-uri@3.1.2':
    resolution: {integrity: sha512-bRISgCIjP20/tbWSPWMEi54QVPRZExkuD9lJL+UIxUKtwVJA8wW1Trb1jMs1RFXo1CBTNZ/5hpC9QvmKWdopKw==}
    engines: {node: '>=6.0.0'}

  '@jridgewell/sourcemap-codec@1.5.0':
    resolution: {integrity: sha512-gv3ZRaISU3fjPAgNsriBRqGWQL6quFx04YMPW/zD8XMLsU32mhCCbfbO6KZFLjvYpCZ8zyDEgqsgf+PwPaM7GQ==}

  '@jridgewell/trace-mapping@0.3.9':
    resolution: {integrity: sha512-3Belt6tdc8bPgAtbcmdtNJlirVoTmEb5e2gC94PnkwEW9jI6CAHUeoG85tjWP5WquqfavoMtMwiG4P926ZKKuQ==}

  '@sindresorhus/chunkify@0.2.0':
    resolution: {integrity: sha512-mOAiwqu+bIIkNFDCXFJxZEmF9p9WHfSBbpLLmgysYnNkEs7aA0/AvU9+6zLHFqI7JnqdqwAuWu8CbGwGIszRdw==}
    engines: {node: '>=12'}

  '@sindresorhus/df@1.0.1':
    resolution: {integrity: sha512-1Hyp7NQnD/u4DSxR2DGW78TF9k7R0wZ8ev0BpMAIzA6yTQSHqNb5wTuvtcPYf4FWbVse2rW7RgDsyL8ua2vXHw==}
    engines: {node: '>=0.10.0'}

  '@sindresorhus/df@3.1.1':
    resolution: {integrity: sha512-SME/vtXaJcnQ/HpeV6P82Egy+jThn11IKfwW8+/XVoRD0rmPHVTeKMtww1oWdVnMykzVPjmrDN9S8NBndPEHCQ==}
    engines: {node: '>=8'}

  '@stroncium/procfs@1.2.1':
    resolution: {integrity: sha512-X1Iui3FUNZP18EUvysTHxt+Avu2nlVzyf90YM8OYgP6SGzTzzX/0JgObfO1AQQDzuZtNNz29bVh8h5R97JrjxA==}
    engines: {node: '>=8'}

  '@tsconfig/node10@1.0.11':
    resolution: {integrity: sha512-DcRjDCujK/kCk/cUe8Xz8ZSpm8mS3mNNpta+jGCA6USEDfktlNvm1+IuZ9eTcDbNk41BHwpHHeW+N1lKCz4zOw==}

  '@tsconfig/node12@1.0.11':
    resolution: {integrity: sha512-cqefuRsh12pWyGsIoBKJA9luFu3mRxCA+ORZvA4ktLSzIuCUtWVxGIuXigEwO5/ywWFMZ2QEGKWvkZG1zDMTag==}

  '@tsconfig/node14@1.0.3':
    resolution: {integrity: sha512-ysT8mhdixWK6Hw3i1V2AeRqZ5WfXg1G43mqoYlM2nc6388Fq5jcXyr5mRsqViLx/GJYdoL0bfXD8nmF+Zn/Iow==}

  '@tsconfig/node16@1.0.4':
    resolution: {integrity: sha512-vxhUy4J8lyeyinH7Azl1pdd43GJhZH/tP2weN8TntQblOY+A0XbT8DJk1/oCPuOOyg/Ja757rG0CgHcWC8OfMA==}

  '@types/node@22.10.2':
    resolution: {integrity: sha512-Xxr6BBRCAOQixvonOye19wnzyDiUtTeqldOOmj3CkeblonbccA12PFwlufvRdrpjXxqnmUaeiU5EOA+7s5diUQ==}

  acorn-walk@8.3.4:
    resolution: {integrity: sha512-ueEepnujpqee2o5aIYnvHU6C0A42MNdsIDeqy5BydrkuC5R1ZuUFnm27EeFJGoEHJQgn3uleRvmTXaJgfXbt4g==}
    engines: {node: '>=0.4.0'}

  acorn@8.14.0:
    resolution: {integrity: sha512-cl669nCJTZBsL97OF4kUQm5g5hC2uihk0NxY3WENAC0TYdILVkAyHymAntgxGkl7K+t0cXIrH5siy5S4XkFycA==}
    engines: {node: '>=0.4.0'}
    hasBin: true

  aggregate-error@4.0.1:
    resolution: {integrity: sha512-0poP0T7el6Vq3rstR8Mn4V/IQrpBLO6POkUSrN7RhyY+GF/InCFShQzsQ39T25gkHhLgSLByyAz+Kjb+c2L98w==}
    engines: {node: '>=12'}

  arg@4.1.3:
    resolution: {integrity: sha512-58S9QDqG0Xx27YwPSt9fJxivjYl432YCwfDMfZ+71RAqUrZef7LrKQZ3LHLOwCS4FLNBplP533Zx895SeOCHvA==}

  array-union@1.0.2:
    resolution: {integrity: sha512-Dxr6QJj/RdU/hCaBjOfxW+q6lyuVE6JFWIrAUpuOOhoJJoQ99cUn3igRaHVB5P9WrgFVN0FfArM3x0cueOU8ng==}
    engines: {node: '>=0.10.0'}

  array-uniq@1.0.3:
    resolution: {integrity: sha512-MNha4BWQ6JbwhFhj03YK552f7cb3AzoE8SzeljgChvL1dl3IcvggXVz1DilzySZkCja+CXuZbdW7yATchWn8/Q==}
    engines: {node: '>=0.10.0'}

  balanced-match@1.0.2:
    resolution: {integrity: sha512-3oSeUO0TMV67hN1AmbXsK4yaqU7tjiHlbxRDZOpH0KW9+CeX4bRAaX0Anxt0tx2MrpRpWwQaPwIlISEJhYU5Pw==}

  brace-expansion@1.1.11:
    resolution: {integrity: sha512-iCuPHDFgrHX7H2vEI/5xpz07zSHB00TpugqhmYtVmMO6518mCuRMoOYFldEBl0g187ufozdaHgWKcYFb61qGiA==}

  clean-stack@4.2.0:
    resolution: {integrity: sha512-LYv6XPxoyODi36Dp976riBtSY27VmFo+MKqEU9QCCWyTrdEPDog+RWA7xQWHi6Vbp61j5c4cdzzX1NidnwtUWg==}
    engines: {node: '>=12'}

  concat-map@0.0.1:
    resolution: {integrity: sha512-/Srv4dswyQNBfohGpz9o6Yb3Gz3SrUDqBH5rTuhGR7ahtlbYKnVxw2bCFMRljaA7EXHaXZ8wsHdodFvbkhKmqg==}

  create-require@1.1.1:
    resolution: {integrity: sha512-dcKFX3jn0MpIaXjisoRvexIJVEKzaq7z2rZKxf+MSr9TkdmHmsU4m2lcLojrj/FHl8mk5VxMmYA+ftRkP/3oKQ==}

  cross-spawn@7.0.6:
    resolution: {integrity: sha512-uV2QOWP2nWzsy2aMp8aRibhi9dlzF5Hgh5SHaB9OiTGEyDTiJJyx0uy51QXdyWbtAHNua4XJzUKca3OzKUd3vA==}
    engines: {node: '>= 8'}

  diff@4.0.2:
    resolution: {integrity: sha512-58lmxKSA4BNyLz+HHMUzlOEpg09FV+ev6ZMe3vJihgdxzgcwZ8VoEEPmALCZG9LmqfVoNMMKpttIYTVG6uDY7A==}
    engines: {node: '>=0.3.1'}

  dir-glob@2.2.2:
    resolution: {integrity: sha512-f9LBi5QWzIW3I6e//uxZoLBlUt9kcp66qo0sSCxL6YZKc75R1c4MFCoe/LaZiBGmgujvQdxc5Bn3QhfyvK5Hsw==}
    engines: {node: '>=4'}

  end-of-stream@1.4.4:
    resolution: {integrity: sha512-+uw1inIHVPQoaVuHzRyXd21icM+cnt4CzD5rW+NC1wjOUSTOs+Te7FOv7AhN7vS9x/oIyhLP5PR1H+phQAHu5Q==}

  escape-string-regexp@5.0.0:
    resolution: {integrity: sha512-/veY75JbMK4j1yjvuUxuVsiS/hr/4iHs9FTT6cgTexxdE0Ly/glccBAkloH/DofkjRbZU3bnoj38mOmhkZ0lHw==}
    engines: {node: '>=12'}

  execa@2.1.0:
    resolution: {integrity: sha512-Y/URAVapfbYy2Xp/gb6A0E7iR8xeqOCXsuuaoMn7A5PzrXUK84E1gyiEfq0wQd/GHA6GsoHWwhNq8anb0mleIw==}
    engines: {node: ^8.12.0 || >=9.7.0}

  fs.realpath@1.0.0:
    resolution: {integrity: sha512-OO0pH2lK6a0hZnAdau5ItzHPI6pUlvI7jMVnxUQRtw4owF2wk8lOSabtGDCTP4Ggrg2MbGnWO9X8K1t4+fGMDw==}

  get-stream@5.2.0:
    resolution: {integrity: sha512-nBF+F1rAZVCu/p7rjzgA+Yb4lfYXrpl7a6VmJrU8wF9I1CKvP/QwPNZHnOlwbTkY6dvtFIzFMSyQXbLoTQPRpA==}
    engines: {node: '>=8'}

  glob@7.2.3:
    resolution: {integrity: sha512-nFR0zLpU2YCaRxwoCJvL6UvCH2JFyFVIvwTLsIf21AuHlMskA1hhTdk+LlYJtOlYt9v6dvszD2BGRqBL+iQK9Q==}
    deprecated: Glob versions prior to v9 are no longer supported

  globby@7.1.1:
    resolution: {integrity: sha512-yANWAN2DUcBtuus5Cpd+SKROzXHs2iVXFZt/Ykrfz6SAXqacLX25NZpltE+39ceMexYF4TtEadjuSTw8+3wX4g==}
    engines: {node: '>=4'}

  ignore@3.3.10:
    resolution: {integrity: sha512-Pgs951kaMm5GXP7MOvxERINe3gsaVjUWFm+UZPSq9xYriQAksyhg0csnS0KXSNRD5NmNdapXEpjxG49+AKh/ug==}

  indent-string@5.0.0:
    resolution: {integrity: sha512-m6FAo/spmsW2Ab2fU35JTYwtOKa2yAwXSwgjSv1TJzh4Mh7mC3lzAOVLBprb72XsTrgkEIsl7YrFNAiDiRhIGg==}
    engines: {node: '>=12'}

  inflight@1.0.6:
    resolution: {integrity: sha512-k92I/b08q4wvFscXCLvqfsHCrjrF7yiXsQuIVvVE7N82W3+aqpzuUdBbfhWcy/FZR3/4IgflMgKLOsvPDrGCJA==}
    deprecated: This module is not supported, and leaks memory. Do not use it. Check out lru-cache if you want a good and tested way to coalesce async requests by a key value, which is much more comprehensive and powerful.

  inherits@2.0.4:
    resolution: {integrity: sha512-k/vGaX4/Yla3WzyMCvTQOXYeIHvqOKtnqBduzTHpzpQZzAskKMhZ2K+EnBiSM9zGSoIFeMpXKxa4dYeZIQqewQ==}

  is-path-inside@4.0.0:
    resolution: {integrity: sha512-lJJV/5dYS+RcL8uQdBDW9c9uWFLLBNRyFhnAKXw5tVqLlKZ4RMGZKv+YQ/IA3OhD+RpbJa1LLFM1FQPGyIXvOA==}
    engines: {node: '>=12'}

  is-stream@2.0.1:
    resolution: {integrity: sha512-hFoiJiTl63nn+kstHGBtewWSKnQLpyb155KHheA1l39uvtO9nWIop1p3udqPcUd/xbF1VLMO4n7OI6p7RbngDg==}
    engines: {node: '>=8'}

  isexe@2.0.0:
    resolution: {integrity: sha512-RHxMLp9lnKHGHRng9QFhRCMbYAcVpn69smSGcq3f36xjgVVWThj4qqLbTLlq7Ssj8B+fIQ1EuCEGI2lKsyQeIw==}

  make-error@1.3.6:
    resolution: {integrity: sha512-s8UhlNe7vPKomQhC1qFelMokr/Sc3AgNbso3n74mVPA5LTZwkB9NlXf4XPamLxJE8h0gh73rM94xvwRT2CVInw==}

  merge-stream@2.0.0:
    resolution: {integrity: sha512-abv/qOcuPfk3URPfDzmZU1LKmuw8kT+0nIHvKrKgFrwifol/doWcdA4ZqsWQ8ENrFKkd67Mfpo/LovbIUsbt3w==}

  mimic-fn@2.1.0:
    resolution: {integrity: sha512-OqbOk5oEQeAZ8WXWydlu9HJjz9WVdEIvamMCcXmuqUYjTknH/sqsWvhQ3vgwKFRR1HpjvNBKQ37nbJgYzGqGcg==}
    engines: {node: '>=6'}

  minimatch@3.1.2:
    resolution: {integrity: sha512-J7p63hRiAjw1NDEww1W7i37+ByIrOWO5XQQAzZ3VOcL0PNybwpfmV/N05zFAzwQ9USyEcX6t3UO+K5aqBQOIHw==}

  mount-point@3.0.0:
    resolution: {integrity: sha512-jAhfD7ZCG+dbESZjcY1SdFVFqSJkh/yGbdsifHcPkvuLRO5ugK0Ssmd9jdATu29BTd4JiN+vkpMzVvsUgP3SZA==}
    engines: {node: '>=0.10.0'}

  move-file@3.1.0:
    resolution: {integrity: sha512-4aE3U7CCBWgrQlQDMq8da4woBWDGHioJFiOZ8Ie6Yq2uwYQ9V2kGhTz4x3u6Wc+OU17nw0yc3rJ/lQ4jIiPe3A==}
    engines: {node: ^12.20.0 || ^14.13.1 || >=16.0.0}

  npm-run-path@3.1.0:
    resolution: {integrity: sha512-Dbl4A/VfiVGLgQv29URL9xshU8XDY1GeLy+fsaZ1AA8JDSfjvr5P5+pzRbWqRSBxk6/DW7MIh8lTM/PaGnP2kg==}
    engines: {node: '>=8'}

  once@1.4.0:
    resolution: {integrity: sha512-lNaJgI+2Q5URQBkccEKHTQOPaXdUxnZZElQTZY0MFUAuaEqe1E+Nyvgdz/aIyNi6Z9MzO5dv1H8n58/GELp3+w==}

  onetime@5.1.2:
    resolution: {integrity: sha512-kbpaSSGJTWdAY5KPVeMOKXSrPtr8C8C7wodJbcsd51jRnmD+GZu8Y0VoU6Dm5Z4vWr0Ig/1NKuWRKf7j5aaYSg==}
    engines: {node: '>=6'}

  os-homedir@1.0.2:
    resolution: {integrity: sha512-B5JU3cabzk8c67mRRd3ECmROafjYMXbuzlwtqdM8IbS8ktlTix8aFGb2bAGKrSRIlnfKwovGUUr72JUPyOb6kQ==}
    engines: {node: '>=0.10.0'}

  p-finally@2.0.1:
    resolution: {integrity: sha512-vpm09aKwq6H9phqRQzecoDpD8TmVyGw70qmWlyq5onxY7tqyTTFVvxMykxQSQKILBSFlbXpypIw2T1Ml7+DDtw==}
    engines: {node: '>=8'}

  p-map@5.5.0:
    resolution: {integrity: sha512-VFqfGDHlx87K66yZrNdI4YGtD70IRyd+zSvgks6mzHPRNkoKy+9EKP4SFC77/vTTQYmRmti7dvqC+m5jBrBAcg==}
    engines: {node: '>=12'}

  path-exists@5.0.0:
    resolution: {integrity: sha512-RjhtfwJOxzcFmNOi6ltcbcu4Iu+FL3zEj83dk4kAS+fVpTxXLO1b38RvJgT/0QwvV/L3aY9TAnyv0EOqW4GoMQ==}
    engines: {node: ^12.20.0 || ^14.13.1 || >=16.0.0}

  path-is-absolute@1.0.1:
    resolution: {integrity: sha512-AVbw3UJ2e9bq64vSaS9Am0fje1Pa8pbGqTTsmXfaIiMpnr5DlDhfJOuLj9Sf95ZPVDAUerDfEk88MPmPe7UCQg==}
    engines: {node: '>=0.10.0'}

  path-key@3.1.1:
    resolution: {integrity: sha512-ojmeN0qd+y0jszEtoY48r0Peq5dwMEkIlCOu6Q5f41lfkswXuKtYrhgoTpLnyIcHm24Uhqx+5Tqm2InSwLhE6Q==}
    engines: {node: '>=8'}

  path-type@3.0.0:
    resolution: {integrity: sha512-T2ZUsdZFHgA3u4e5PfPbjd7HDDpxPnQb5jN0SrDsjNSuVXHJqtwTnWqG0B1jZrgmJ/7lj1EmVIByWt1gxGkWvg==}
    engines: {node: '>=4'}

  pify@2.3.0:
    resolution: {integrity: sha512-udgsAY+fTnvv7kI7aaxbqwWNb0AHiB0qBO89PZKPkoTmGOgdbrHDKD+0B2X4uTfJ/FT1R09r9gTsjUjNJotuog==}
    engines: {node: '>=0.10.0'}

  pify@3.0.0:
    resolution: {integrity: sha512-C3FsVNH1udSEX48gGX1xfvwTWfsYWj5U+8/uK15BGzIGrKoUpghX8hWZwa/OFnakBiiVNmBvemTJR5mcy7iPcg==}
    engines: {node: '>=4'}

  pinkie-promise@2.0.1:
    resolution: {integrity: sha512-0Gni6D4UcLTbv9c57DfxDGdr41XfgUjqWZu492f0cIGr16zDU06BWP/RAEvOuo7CQ0CNjHaLlM59YJJFm3NWlw==}
    engines: {node: '>=0.10.0'}

  pinkie@2.0.4:
    resolution: {integrity: sha512-MnUuEycAemtSaeFSjXKW/aroV7akBbY+Sv+RkyqFjgAe73F+MR0TBWKBRDkmfWq/HiFmdavfZ1G7h4SPZXaCSg==}
    engines: {node: '>=0.10.0'}

  pump@3.0.2:
    resolution: {integrity: sha512-tUPXtzlGM8FE3P0ZL6DVs/3P58k9nk8/jZeQCurTJylQA8qFYzHFfhBJkuqyE0FifOsQ0uKWekiZ5g8wtr28cw==}

  shebang-command@2.0.0:
    resolution: {integrity: sha512-kHxr2zZpYtdmrN1qDjrrX/Z1rR1kG8Dx+gkpK1G4eXmvXswmcE1hTWBWYUzlraYw1/yZp6YuDY77YtvbN0dmDA==}
    engines: {node: '>=8'}

  shebang-regex@3.0.0:
    resolution: {integrity: sha512-7++dFhtcx3353uBaq8DDR4NuxBetBzC7ZQOhmTQInHEd6bSrXdiEyzCvG07Z44UYdLShWUyXt5M/yhz8ekcb1A==}
    engines: {node: '>=8'}

  signal-exit@3.0.7:
    resolution: {integrity: sha512-wnD2ZE+l+SPC/uoS0vXeE9L1+0wuaMqKlfz9AMUo38JsyLSBWSFcHR1Rri62LZc12vLr1gb3jl7iwQhgwpAbGQ==}

  slash@1.0.0:
    resolution: {integrity: sha512-3TYDR7xWt4dIqV2JauJr+EJeW356RXijHeUlO+8djJ+uBXPn8/2dpzBc8yQhh583sVvc9CvFAeQVgijsH+PNNg==}
    engines: {node: '>=0.10.0'}

  strip-final-newline@2.0.0:
    resolution: {integrity: sha512-BrpvfNAE3dcvq7ll3xVumzjKjZQ5tI1sEUIKr3Uoks0XUl45St3FlatVqef9prk4jRDzhW6WZg+3bk93y6pLjA==}
    engines: {node: '>=6'}

  trash@8.1.1:
    resolution: {integrity: sha512-r15NUF+BJpDBKLTyOXaB+PhF8qh53TAOTpu/wCt6bqpu488jamsiOV7VdC//yPwAnyGIv1EJgetEnjLNer5XVw==}
    engines: {node: ^12.20.0 || ^14.13.1 || >=16.0.0}

  ts-node@10.9.2:
    resolution: {integrity: sha512-f0FFpIdcHgn8zcPSbf1dRevwt047YMnaiJM3u2w2RewrB+fob/zePZcrOyQoLMMO7aBIddLcQIEK5dYjkLnGrQ==}
    hasBin: true
    peerDependencies:
      '@swc/core': '>=1.2.50'
      '@swc/wasm': '>=1.2.50'
      '@types/node': '*'
      typescript: '>=2.7'
    peerDependenciesMeta:
      '@swc/core':
        optional: true
      '@swc/wasm':
        optional: true

  typescript@5.7.2:
    resolution: {integrity: sha512-i5t66RHxDvVN40HfDd1PsEThGNnlMCMT3jMUuoh9/0TaqWevNontacunWyN02LA9/fIbEWlcHZcgTKb9QoaLfg==}
    engines: {node: '>=14.17'}
    hasBin: true

  undici-types@6.20.0:
    resolution: {integrity: sha512-Ny6QZ2Nju20vw1SRHe3d9jVu6gJ+4e3+MMpqu7pqE5HT6WsTSlce++GQmK5UXS8mzV8DSYHrQH+Xrf2jVcuKNg==}

  user-home@2.0.0:
    resolution: {integrity: sha512-KMWqdlOcjCYdtIJpicDSFBQ8nFwS2i9sslAd6f4+CBGcU4gist2REnr2fxj2YocvJFxSF3ZOHLYLVZnUxv4BZQ==}
    engines: {node: '>=0.10.0'}

  uuid@8.3.2:
    resolution: {integrity: sha512-+NYs2QeMWy+GWFOEm9xnn6HCDp0l7QBD7ml8zLUmJ+93Q5NF0NocErnwkTkXVFNiX3/fpC6afS8Dhb/gz7R7eg==}
    hasBin: true

  v8-compile-cache-lib@3.0.1:
    resolution: {integrity: sha512-wa7YjyUGfNZngI/vtK0UHAN+lgDCxBPCylVXGp0zu59Fz5aiGtNXaq3DhIov063MorB+VfufLh3JlF2KdTK3xg==}

  which@2.0.2:
    resolution: {integrity: sha512-BLI3Tl1TW3Pvl70l3yq3Y64i+awpwXqsGBYWkkqMtnbXgrMD+yj7rhW0kuEDxzJaYXGjEW5ogapKNMEKNMjibA==}
    engines: {node: '>= 8'}
    hasBin: true

  wrappy@1.0.2:
    resolution: {integrity: sha512-l4Sp/DRseor9wL6EvV2+TuQn63dMkPjZ/sp9XkghTEbV9KlPS1xUsZ3u7/IQO4wxtcFB4bgpQPRcR3QCvezPcQ==}

  xdg-basedir@4.0.0:
    resolution: {integrity: sha512-PSNhEJDejZYV7h50BohL09Er9VaIefr2LMAf3OEmpCkjOi34eYyQYAXUTjEQtZJTKcF0E2UKTh+osDLsgNim9Q==}
    engines: {node: '>=8'}

  xdg-trashdir@3.1.0:
    resolution: {integrity: sha512-N1XQngeqMBoj9wM4ZFadVV2MymImeiFfYD+fJrNlcVcOHsJFFQe7n3b+aBoTPwARuq2HQxukfzVpQmAk1gN4sQ==}
    engines: {node: '>=10'}

  yn@3.1.1:
    resolution: {integrity: sha512-Ux4ygGWsu2c7isFWe8Yu1YluJmqVhxqK2cLXNQA5AcC3QfbGNpM7fu0Y8b/z16pXLnFxZYvWhd3fhBY9DLmC6Q==}
    engines: {node: '>=6'}

snapshots:

  '@cspotcode/source-map-support@0.8.1':
    dependencies:
      '@jridgewell/trace-mapping': 0.3.9

  '@jridgewell/resolve-uri@3.1.2': {}

  '@jridgewell/sourcemap-codec@1.5.0': {}

  '@jridgewell/trace-mapping@0.3.9':
    dependencies:
      '@jridgewell/resolve-uri': 3.1.2
      '@jridgewell/sourcemap-codec': 1.5.0

  '@sindresorhus/chunkify@0.2.0': {}

  '@sindresorhus/df@1.0.1': {}

  '@sindresorhus/df@3.1.1':
    dependencies:
      execa: 2.1.0

  '@stroncium/procfs@1.2.1': {}

  '@tsconfig/node10@1.0.11': {}

  '@tsconfig/node12@1.0.11': {}

  '@tsconfig/node14@1.0.3': {}

  '@tsconfig/node16@1.0.4': {}

  '@types/node@22.10.2':
    dependencies:
      undici-types: 6.20.0

  acorn-walk@8.3.4:
    dependencies:
      acorn: 8.14.0

  acorn@8.14.0: {}

  aggregate-error@4.0.1:
    dependencies:
      clean-stack: 4.2.0
      indent-string: 5.0.0

  arg@4.1.3: {}

  array-union@1.0.2:
    dependencies:
      array-uniq: 1.0.3

  array-uniq@1.0.3: {}

  balanced-match@1.0.2: {}

  brace-expansion@1.1.11:
    dependencies:
      balanced-match: 1.0.2
      concat-map: 0.0.1

  clean-stack@4.2.0:
    dependencies:
      escape-string-regexp: 5.0.0

  concat-map@0.0.1: {}

  create-require@1.1.1: {}

  cross-spawn@7.0.6:
    dependencies:
      path-key: 3.1.1
      shebang-command: 2.0.0
      which: 2.0.2

  diff@4.0.2: {}

  dir-glob@2.2.2:
    dependencies:
      path-type: 3.0.0

  end-of-stream@1.4.4:
    dependencies:
      once: 1.4.0

  escape-string-regexp@5.0.0: {}

  execa@2.1.0:
    dependencies:
      cross-spawn: 7.0.6
      get-stream: 5.2.0
      is-stream: 2.0.1
      merge-stream: 2.0.0
      npm-run-path: 3.1.0
      onetime: 5.1.2
      p-finally: 2.0.1
      signal-exit: 3.0.7
      strip-final-newline: 2.0.0

  fs.realpath@1.0.0: {}

  get-stream@5.2.0:
    dependencies:
      pump: 3.0.2

  glob@7.2.3:
    dependencies:
      fs.realpath: 1.0.0
      inflight: 1.0.6
      inherits: 2.0.4
      minimatch: 3.1.2
      once: 1.4.0
      path-is-absolute: 1.0.1

  globby@7.1.1:
    dependencies:
      array-union: 1.0.2
      dir-glob: 2.2.2
      glob: 7.2.3
      ignore: 3.3.10
      pify: 3.0.0
      slash: 1.0.0

  ignore@3.3.10: {}

  indent-string@5.0.0: {}

  inflight@1.0.6:
    dependencies:
      once: 1.4.0
      wrappy: 1.0.2

  inherits@2.0.4: {}

  is-path-inside@4.0.0: {}

  is-stream@2.0.1: {}

  isexe@2.0.0: {}

  make-error@1.3.6: {}

  merge-stream@2.0.0: {}

  mimic-fn@2.1.0: {}

  minimatch@3.1.2:
    dependencies:
      brace-expansion: 1.1.11

  mount-point@3.0.0:
    dependencies:
      '@sindresorhus/df': 1.0.1
      pify: 2.3.0
      pinkie-promise: 2.0.1

  move-file@3.1.0:
    dependencies:
      path-exists: 5.0.0

  npm-run-path@3.1.0:
    dependencies:
      path-key: 3.1.1

  once@1.4.0:
    dependencies:
      wrappy: 1.0.2

  onetime@5.1.2:
    dependencies:
      mimic-fn: 2.1.0

  os-homedir@1.0.2: {}

  p-finally@2.0.1: {}

  p-map@5.5.0:
    dependencies:
      aggregate-error: 4.0.1

  path-exists@5.0.0: {}

  path-is-absolute@1.0.1: {}

  path-key@3.1.1: {}

  path-type@3.0.0:
    dependencies:
      pify: 3.0.0

  pify@2.3.0: {}

  pify@3.0.0: {}

  pinkie-promise@2.0.1:
    dependencies:
      pinkie: 2.0.4

  pinkie@2.0.4: {}

  pump@3.0.2:
    dependencies:
      end-of-stream: 1.4.4
      once: 1.4.0

  shebang-command@2.0.0:
    dependencies:
      shebang-regex: 3.0.0

  shebang-regex@3.0.0: {}

  signal-exit@3.0.7: {}

  slash@1.0.0: {}

  strip-final-newline@2.0.0: {}

  trash@8.1.1:
    dependencies:
      '@sindresorhus/chunkify': 0.2.0
      '@stroncium/procfs': 1.2.1
      globby: 7.1.1
      is-path-inside: 4.0.0
      move-file: 3.1.0
      p-map: 5.5.0
      uuid: 8.3.2
      xdg-trashdir: 3.1.0

  ts-node@10.9.2(@types/node@22.10.2)(typescript@5.7.2):
    dependencies:
      '@cspotcode/source-map-support': 0.8.1
      '@tsconfig/node10': 1.0.11
      '@tsconfig/node12': 1.0.11
      '@tsconfig/node14': 1.0.3
      '@tsconfig/node16': 1.0.4
      '@types/node': 22.10.2
      acorn: 8.14.0
      acorn-walk: 8.3.4
      arg: 4.1.3
      create-require: 1.1.1
      diff: 4.0.2
      make-error: 1.3.6
      typescript: 5.7.2
      v8-compile-cache-lib: 3.0.1
      yn: 3.1.1

  typescript@5.7.2: {}

  undici-types@6.20.0: {}

  user-home@2.0.0:
    dependencies:
      os-homedir: 1.0.2

  uuid@8.3.2: {}

  v8-compile-cache-lib@3.0.1: {}

  which@2.0.2:
    dependencies:
      isexe: 2.0.0

  wrappy@1.0.2: {}

  xdg-basedir@4.0.0: {}

  xdg-trashdir@3.1.0:
    dependencies:
      '@sindresorhus/df': 3.1.1
      mount-point: 3.0.0
      user-home: 2.0.0
      xdg-basedir: 4.0.0

  yn@3.1.1: {}
